PODS:
  - PathKit (1.0.0)
  - SQLite.swift (0.12.2):
    - SQLite.swift/standard (= 0.12.2)
  - SQLite.swift/standard (0.12.2)
  - SwiftHamcrest (2.2.1)

DEPENDENCIES:
  - PathKit (~> 1.0.0)
  - SQLite.swift (~> 0.12.0)
  - SwiftHamcrest (~> 2.2.1)

SPEC REPOS:
  trunk:
    - PathKit
    - SQLite.swift
    - SwiftHamcrest

SPEC CHECKSUMS:
  PathKit: 364e0de7fb5adb142aecab4e112187e5548fc4b6
  SQLite.swift: d2b4642190917051ce6bd1d49aab565fe794eea3
  SwiftHamcrest: 67454f9c4c7fae8d7a0f82dfd42f8a54a79095b1

PODFILE CHECKSUM: 1992e1082987e7530825ef0bfb0cbde96cce7f81

COCOAPODS: 1.8.4
