// !$*UTF8*$!
{
	archiveVersion = 1;
	classes = {
	};
	objectVersion = 54;
	objects = {

/* Begin PBXBuildFile section */
		070F560E2C3DDA6E000FE3CD /* SleepCommand.swift in Sources */ = {isa = PBXBuildFile; fileRef = 070F560D2C3DDA6E000FE3CD /* SleepCommand.swift */; };
		0718E0C72C5AE8F300DB08F3 /* ScriptUtil.swift in Sources */ = {isa = PBXBuildFile; fileRef = 0718E0C62C5AE8F300DB08F3 /* ScriptUtil.swift */; };
		0718E0C92C5BCC2500DB08F3 /* UndoUpdate.swift in Sources */ = {isa = PBXBuildFile; fileRef = 0718E0C82C5BCC2500DB08F3 /* UndoUpdate.swift */; };
		0718E0CB2C5BCC9500DB08F3 /* UndoState.swift in Sources */ = {isa = PBXBuildFile; fileRef = 0718E0CA2C5BCC9500DB08F3 /* UndoState.swift */; };
		077018952C3463C200B1D040 /* PathKit in Frameworks */ = {isa = PBXBuildFile; productRef = 077018942C3463C200B1D040 /* PathKit */; };
		077018972C3463C600B1D040 /* SQLite in Frameworks */ = {isa = PBXBuildFile; productRef = 077018962C3463C600B1D040 /* SQLite */; };
		077018992C3464BB00B1D040 /* SwiftHamcrest in Frameworks */ = {isa = PBXBuildFile; productRef = 077018982C3464BB00B1D040 /* SwiftHamcrest */; };
		07AE3CE92C41CD5F00E2F172 /* DemoScriptText.swift in Sources */ = {isa = PBXBuildFile; fileRef = 07AE3CE82C41CD5F00E2F172 /* DemoScriptText.swift */; };
		07AF5A6E2C5AB97A006E413F /* ParseFieldsCommand.swift in Sources */ = {isa = PBXBuildFile; fileRef = 07AF5A6D2C5AB97A006E413F /* ParseFieldsCommand.swift */; };
		34A5F77824703DD1A8A7C457 /* AddFieldCommandTest.swift in Sources */ = {isa = PBXBuildFile; fileRef = 34A5FF385DC60B1CA031D912 /* AddFieldCommandTest.swift */; };
		34A5FBCA0D4F56C680E00F25 /* ChopCommandTest.swift in Sources */ = {isa = PBXBuildFile; fileRef = 34A5F72EF9C0C55B19A20E77 /* ChopCommandTest.swift */; };
		34A5FC7E9F66A71A34E86EEC /* CommandTestContext.swift in Sources */ = {isa = PBXBuildFile; fileRef = 34A5FA45EDABF831D4FE7787 /* CommandTestContext.swift */; };
		34A5FFF3AAE569B21AA65444 /* ClearCommand.swift in Sources */ = {isa = PBXBuildFile; fileRef = 34A5F0786846702DCD3CB79C /* ClearCommand.swift */; };
		AE32EBE6233970B800AAF41F /* DetectDuplicatesCommand.swift in Sources */ = {isa = PBXBuildFile; fileRef = AE32EBE5233970B800AAF41F /* DetectDuplicatesCommand.swift */; };
		AE368DA5252B7B270000B333 /* LimitCommand.swift in Sources */ = {isa = PBXBuildFile; fileRef = AE368DA4252B7B270000B333 /* LimitCommand.swift */; };
		AE368DB0252BC4470000B333 /* AddFieldCommand.swift in Sources */ = {isa = PBXBuildFile; fileRef = AE368DAF252BC4470000B333 /* AddFieldCommand.swift */; };
		AE368DB4252BC5150000B333 /* SortByFieldsCommand.swift in Sources */ = {isa = PBXBuildFile; fileRef = AE368DB3252BC5150000B333 /* SortByFieldsCommand.swift */; };
		AE368DB8252BC5510000B333 /* DivideByFieldCommand.swift in Sources */ = {isa = PBXBuildFile; fileRef = AE368DB7252BC5510000B333 /* DivideByFieldCommand.swift */; };
		AE368DBC252BC56B0000B333 /* DivideByRegexCommand.swift in Sources */ = {isa = PBXBuildFile; fileRef = AE368DBB252BC56B0000B333 /* DivideByRegexCommand.swift */; };
		AE368DC0252BC59A0000B333 /* FilterSectionCommand.swift in Sources */ = {isa = PBXBuildFile; fileRef = AE368DBF252BC59A0000B333 /* FilterSectionCommand.swift */; };
		AE368DC6252D00630000B333 /* ReplaceCommand.swift in Sources */ = {isa = PBXBuildFile; fileRef = AE368DC5252D00630000B333 /* ReplaceCommand.swift */; };
		AE37EB902332C8D40027E390 /* LogLinesUpdate.swift in Sources */ = {isa = PBXBuildFile; fileRef = AE37EB8F2332C8D40027E390 /* LogLinesUpdate.swift */; };
		AE37EB922332C9350027E390 /* ScriptProcessingUpdate.swift in Sources */ = {isa = PBXBuildFile; fileRef = AE37EB912332C9350027E390 /* ScriptProcessingUpdate.swift */; };
		AE37EB942332C9880027E390 /* ResultsViewController.swift in Sources */ = {isa = PBXBuildFile; fileRef = AE37EB932332C9880027E390 /* ResultsViewController.swift */; };
		AE3A3A5D23351AA10035A811 /* FontSizeUpdate.swift in Sources */ = {isa = PBXBuildFile; fileRef = AE3A3A5C23351AA10035A811 /* FontSizeUpdate.swift */; };
		AE41B50223A40E7B004B47BE /* DateFormatCommand.swift in Sources */ = {isa = PBXBuildFile; fileRef = AE41B50123A40E7A004B47BE /* DateFormatCommand.swift */; };
		AE437F1D23306D4B001CD09D /* AppDelegate.swift in Sources */ = {isa = PBXBuildFile; fileRef = AE437F1C23306D4B001CD09D /* AppDelegate.swift */; };
		AE437F2123306D4C001CD09D /* Assets.xcassets in Resources */ = {isa = PBXBuildFile; fileRef = AE437F2023306D4C001CD09D /* Assets.xcassets */; };
		AE437F2423306D4C001CD09D /* Main.storyboard in Resources */ = {isa = PBXBuildFile; fileRef = AE437F2223306D4C001CD09D /* Main.storyboard */; };
		AE437F3D233150B1001CD09D /* ScriptViewController.swift in Sources */ = {isa = PBXBuildFile; fileRef = AE437F3C233150B1001CD09D /* ScriptViewController.swift */; };
		AE437F3F23315E25001CD09D /* LogViewController.swift in Sources */ = {isa = PBXBuildFile; fileRef = AE437F3E23315E25001CD09D /* LogViewController.swift */; };
		AE437F4123315F32001CD09D /* Notifications.swift in Sources */ = {isa = PBXBuildFile; fileRef = AE437F4023315F32001CD09D /* Notifications.swift */; };
		AE4D63BA2358AE5E0001CD97 /* LoadFilterCommand.swift in Sources */ = {isa = PBXBuildFile; fileRef = AE4D63B92358AE5E0001CD97 /* LoadFilterCommand.swift */; };
		AE62F03C23453AB2002EDC76 /* DocumentState.swift in Sources */ = {isa = PBXBuildFile; fileRef = AE62F03B23453AB2002EDC76 /* DocumentState.swift */; };
		AE6D8CA223C7886600CF67D8 /* SqlCommand.swift in Sources */ = {isa = PBXBuildFile; fileRef = AE6D8CA123C7886600CF67D8 /* SqlCommand.swift */; };
		AE6D8CA423C78BD300CF67D8 /* FieldDataMap.swift in Sources */ = {isa = PBXBuildFile; fileRef = AE6D8CA323C78BD300CF67D8 /* FieldDataMap.swift */; };
		AE6D8CA623C78FC800CF67D8 /* FieldDataSql.swift in Sources */ = {isa = PBXBuildFile; fileRef = AE6D8CA523C78FC800CF67D8 /* FieldDataSql.swift */; };
		AE79EE2C233A779A00799BB7 /* ChopCommand.swift in Sources */ = {isa = PBXBuildFile; fileRef = AE79EE2B233A779A00799BB7 /* ChopCommand.swift */; };
		AE956B46234F89F30041ADBA /* TodayCommand.swift in Sources */ = {isa = PBXBuildFile; fileRef = AE956B45234F89F30041ADBA /* TodayCommand.swift */; };
		AE9A333F234D27F6001107C8 /* RequireHilightCommand.swift in Sources */ = {isa = PBXBuildFile; fileRef = AE9A333E234D27F6001107C8 /* RequireHilightCommand.swift */; };
		AEA753B3233A9B77000C70FB /* WindowController.swift in Sources */ = {isa = PBXBuildFile; fileRef = AEA753B2233A9B77000C70FB /* WindowController.swift */; };
		AEAF600E233316B7002B1684 /* ScriptCallback.swift in Sources */ = {isa = PBXBuildFile; fileRef = AEAF600D233316B7002B1684 /* ScriptCallback.swift */; };
		AEAF601023331704002B1684 /* ScriptEngine.swift in Sources */ = {isa = PBXBuildFile; fileRef = AEAF600F23331704002B1684 /* ScriptEngine.swift */; };
		AED000532347D79200D505E8 /* file.icns in Resources */ = {isa = PBXBuildFile; fileRef = AED000522347D79200D505E8 /* file.icns */; };
		AED76E0C233AC16D00E58243 /* DemoCommand.swift in Sources */ = {isa = PBXBuildFile; fileRef = AED76E0B233AC16D00E58243 /* DemoCommand.swift */; };
		AEDE11C323341917006FF1A8 /* ScriptCommand.swift in Sources */ = {isa = PBXBuildFile; fileRef = AEDE11C223341917006FF1A8 /* ScriptCommand.swift */; };
		AEDE11C52334196F006FF1A8 /* ReadFileCommand.swift in Sources */ = {isa = PBXBuildFile; fileRef = AEDE11C42334196F006FF1A8 /* ReadFileCommand.swift */; };
		AEDE11C7233419ED006FF1A8 /* ScriptParser.swift in Sources */ = {isa = PBXBuildFile; fileRef = AEDE11C6233419ED006FF1A8 /* ScriptParser.swift */; };
		AEDE11C9233428F6006FF1A8 /* LogLine.swift in Sources */ = {isa = PBXBuildFile; fileRef = AEDE11C8233428F6006FF1A8 /* LogLine.swift */; };
		AEDE11CB23346632006FF1A8 /* FilterLineCommand.swift in Sources */ = {isa = PBXBuildFile; fileRef = AEDE11CA23346632006FF1A8 /* FilterLineCommand.swift */; };
		AEE53011234D206F00BF3824 /* TruncateCommand.swift in Sources */ = {isa = PBXBuildFile; fileRef = AEE53010234D206F00BF3824 /* TruncateCommand.swift */; };
		AEE7D2B523428F210086E544 /* ScriptParserTest.swift in Sources */ = {isa = PBXBuildFile; fileRef = AEE7D2B423428F210086E544 /* ScriptParserTest.swift */; };
		AEE7D2B723428F680086E544 /* ScriptCallbackStub.swift in Sources */ = {isa = PBXBuildFile; fileRef = AEE7D2B623428F680086E544 /* ScriptCallbackStub.swift */; };
		AEED0F5C23357ADA00DC53D6 /* ColorCommand.swift in Sources */ = {isa = PBXBuildFile; fileRef = AEED0F5B23357ADA00DC53D6 /* ColorCommand.swift */; };
		AEED0F5E23357CAF00DC53D6 /* RunState.swift in Sources */ = {isa = PBXBuildFile; fileRef = AEED0F5D23357CAF00DC53D6 /* RunState.swift */; };
		AEEED562234D425B00D75D6D /* LineDetailViewController.swift in Sources */ = {isa = PBXBuildFile; fileRef = AEEED561234D425B00D75D6D /* LineDetailViewController.swift */; };
/* End PBXBuildFile section */

/* Begin PBXContainerItemProxy section */
		AE437F2C23306D4D001CD09D /* PBXContainerItemProxy */ = {
			isa = PBXContainerItemProxy;
			containerPortal = AE437F1123306D4B001CD09D /* Project object */;
			proxyType = 1;
			remoteGlobalIDString = AE437F1823306D4B001CD09D;
			remoteInfo = LogLlama;
		};
/* End PBXContainerItemProxy section */

/* Begin PBXFileReference section */
		070F560D2C3DDA6E000FE3CD /* SleepCommand.swift */ = {isa = PBXFileReference; lastKnownFileType = sourcecode.swift; path = SleepCommand.swift; sourceTree = "<group>"; };
		0718E0C62C5AE8F300DB08F3 /* ScriptUtil.swift */ = {isa = PBXFileReference; lastKnownFileType = sourcecode.swift; path = ScriptUtil.swift; sourceTree = "<group>"; };
		0718E0C82C5BCC2500DB08F3 /* UndoUpdate.swift */ = {isa = PBXFileReference; lastKnownFileType = sourcecode.swift; path = UndoUpdate.swift; sourceTree = "<group>"; };
		0718E0CA2C5BCC9500DB08F3 /* UndoState.swift */ = {isa = PBXFileReference; lastKnownFileType = sourcecode.swift; path = UndoState.swift; sourceTree = "<group>"; };
		07AE3CE82C41CD5F00E2F172 /* DemoScriptText.swift */ = {isa = PBXFileReference; lastKnownFileType = sourcecode.swift; path = DemoScriptText.swift; sourceTree = "<group>"; };
		07AF5A6D2C5AB97A006E413F /* ParseFieldsCommand.swift */ = {isa = PBXFileReference; lastKnownFileType = sourcecode.swift; path = ParseFieldsCommand.swift; sourceTree = "<group>"; };
		34A5F0786846702DCD3CB79C /* ClearCommand.swift */ = {isa = PBXFileReference; fileEncoding = 4; lastKnownFileType = sourcecode.swift; path = ClearCommand.swift; sourceTree = "<group>"; };
		34A5F72EF9C0C55B19A20E77 /* ChopCommandTest.swift */ = {isa = PBXFileReference; fileEncoding = 4; lastKnownFileType = sourcecode.swift; path = ChopCommandTest.swift; sourceTree = "<group>"; };
		34A5FA45EDABF831D4FE7787 /* CommandTestContext.swift */ = {isa = PBXFileReference; fileEncoding = 4; lastKnownFileType = sourcecode.swift; path = CommandTestContext.swift; sourceTree = "<group>"; };
		34A5FF385DC60B1CA031D912 /* AddFieldCommandTest.swift */ = {isa = PBXFileReference; fileEncoding = 4; lastKnownFileType = sourcecode.swift; path = AddFieldCommandTest.swift; sourceTree = "<group>"; };
		AE29FE1923F3639D00AAF6E6 /* libPathKit.a */ = {isa = PBXFileReference; explicitFileType = archive.ar; path = libPathKit.a; sourceTree = BUILT_PRODUCTS_DIR; };
		AE29FE1A23F3639D00AAF6E6 /* libSQLite.swift.a */ = {isa = PBXFileReference; explicitFileType = archive.ar; path = libSQLite.swift.a; sourceTree = BUILT_PRODUCTS_DIR; };
		AE32EBE5233970B800AAF41F /* DetectDuplicatesCommand.swift */ = {isa = PBXFileReference; lastKnownFileType = sourcecode.swift; path = DetectDuplicatesCommand.swift; sourceTree = "<group>"; };
		AE368DA4252B7B270000B333 /* LimitCommand.swift */ = {isa = PBXFileReference; lastKnownFileType = sourcecode.swift; path = LimitCommand.swift; sourceTree = "<group>"; };
		AE368DAF252BC4470000B333 /* AddFieldCommand.swift */ = {isa = PBXFileReference; lastKnownFileType = sourcecode.swift; path = AddFieldCommand.swift; sourceTree = "<group>"; };
		AE368DB3252BC5150000B333 /* SortByFieldsCommand.swift */ = {isa = PBXFileReference; lastKnownFileType = sourcecode.swift; path = SortByFieldsCommand.swift; sourceTree = "<group>"; };
		AE368DB7252BC5510000B333 /* DivideByFieldCommand.swift */ = {isa = PBXFileReference; lastKnownFileType = sourcecode.swift; path = DivideByFieldCommand.swift; sourceTree = "<group>"; };
		AE368DBB252BC56B0000B333 /* DivideByRegexCommand.swift */ = {isa = PBXFileReference; lastKnownFileType = sourcecode.swift; path = DivideByRegexCommand.swift; sourceTree = "<group>"; };
		AE368DBF252BC59A0000B333 /* FilterSectionCommand.swift */ = {isa = PBXFileReference; lastKnownFileType = sourcecode.swift; path = FilterSectionCommand.swift; sourceTree = "<group>"; };
		AE368DC5252D00630000B333 /* ReplaceCommand.swift */ = {isa = PBXFileReference; lastKnownFileType = sourcecode.swift; path = ReplaceCommand.swift; sourceTree = "<group>"; };
		AE37EB8F2332C8D40027E390 /* LogLinesUpdate.swift */ = {isa = PBXFileReference; lastKnownFileType = sourcecode.swift; path = LogLinesUpdate.swift; sourceTree = "<group>"; };
		AE37EB912332C9350027E390 /* ScriptProcessingUpdate.swift */ = {isa = PBXFileReference; lastKnownFileType = sourcecode.swift; path = ScriptProcessingUpdate.swift; sourceTree = "<group>"; };
		AE37EB932332C9880027E390 /* ResultsViewController.swift */ = {isa = PBXFileReference; lastKnownFileType = sourcecode.swift; path = ResultsViewController.swift; sourceTree = "<group>"; };
		AE3A3A5C23351AA10035A811 /* FontSizeUpdate.swift */ = {isa = PBXFileReference; lastKnownFileType = sourcecode.swift; path = FontSizeUpdate.swift; sourceTree = "<group>"; };
		AE41B50123A40E7A004B47BE /* DateFormatCommand.swift */ = {isa = PBXFileReference; fileEncoding = 4; lastKnownFileType = sourcecode.swift; path = DateFormatCommand.swift; sourceTree = "<group>"; };
		AE437F1923306D4B001CD09D /* LogLlama.app */ = {isa = PBXFileReference; explicitFileType = wrapper.application; includeInIndex = 0; path = LogLlama.app; sourceTree = BUILT_PRODUCTS_DIR; };
		AE437F1C23306D4B001CD09D /* AppDelegate.swift */ = {isa = PBXFileReference; lastKnownFileType = sourcecode.swift; path = AppDelegate.swift; sourceTree = "<group>"; };
		AE437F2023306D4C001CD09D /* Assets.xcassets */ = {isa = PBXFileReference; lastKnownFileType = folder.assetcatalog; path = Assets.xcassets; sourceTree = "<group>"; };
		AE437F2323306D4C001CD09D /* Base */ = {isa = PBXFileReference; lastKnownFileType = file.storyboard; name = Base; path = Base.lproj/Main.storyboard; sourceTree = "<group>"; };
		AE437F2523306D4C001CD09D /* Info.plist */ = {isa = PBXFileReference; lastKnownFileType = text.plist.xml; path = Info.plist; sourceTree = "<group>"; };
		AE437F2623306D4C001CD09D /* LogLlama.entitlements */ = {isa = PBXFileReference; lastKnownFileType = text.plist.entitlements; path = LogLlama.entitlements; sourceTree = "<group>"; };
		AE437F2B23306D4D001CD09D /* LogLlamaTests.xctest */ = {isa = PBXFileReference; explicitFileType = wrapper.cfbundle; includeInIndex = 0; path = LogLlamaTests.xctest; sourceTree = BUILT_PRODUCTS_DIR; };
		AE437F3123306D4D001CD09D /* Info.plist */ = {isa = PBXFileReference; lastKnownFileType = text.plist.xml; path = Info.plist; sourceTree = "<group>"; };
		AE437F3C233150B1001CD09D /* ScriptViewController.swift */ = {isa = PBXFileReference; lastKnownFileType = sourcecode.swift; path = ScriptViewController.swift; sourceTree = "<group>"; };
		AE437F3E23315E25001CD09D /* LogViewController.swift */ = {isa = PBXFileReference; lastKnownFileType = sourcecode.swift; path = LogViewController.swift; sourceTree = "<group>"; };
		AE437F4023315F32001CD09D /* Notifications.swift */ = {isa = PBXFileReference; lastKnownFileType = sourcecode.swift; path = Notifications.swift; sourceTree = "<group>"; };
		AE4D63B92358AE5E0001CD97 /* LoadFilterCommand.swift */ = {isa = PBXFileReference; lastKnownFileType = sourcecode.swift; path = LoadFilterCommand.swift; sourceTree = "<group>"; };
		AE62F03B23453AB2002EDC76 /* DocumentState.swift */ = {isa = PBXFileReference; lastKnownFileType = sourcecode.swift; path = DocumentState.swift; sourceTree = "<group>"; };
		AE6D8CA123C7886600CF67D8 /* SqlCommand.swift */ = {isa = PBXFileReference; lastKnownFileType = sourcecode.swift; path = SqlCommand.swift; sourceTree = "<group>"; };
		AE6D8CA323C78BD300CF67D8 /* FieldDataMap.swift */ = {isa = PBXFileReference; lastKnownFileType = sourcecode.swift; path = FieldDataMap.swift; sourceTree = "<group>"; };
		AE6D8CA523C78FC800CF67D8 /* FieldDataSql.swift */ = {isa = PBXFileReference; lastKnownFileType = sourcecode.swift; path = FieldDataSql.swift; sourceTree = "<group>"; };
		AE79EE2B233A779A00799BB7 /* ChopCommand.swift */ = {isa = PBXFileReference; lastKnownFileType = sourcecode.swift; path = ChopCommand.swift; sourceTree = "<group>"; };
		AE956B45234F89F30041ADBA /* TodayCommand.swift */ = {isa = PBXFileReference; lastKnownFileType = sourcecode.swift; path = TodayCommand.swift; sourceTree = "<group>"; };
		AE9A333E234D27F6001107C8 /* RequireHilightCommand.swift */ = {isa = PBXFileReference; lastKnownFileType = sourcecode.swift; path = RequireHilightCommand.swift; sourceTree = "<group>"; };
		AEA753B2233A9B77000C70FB /* WindowController.swift */ = {isa = PBXFileReference; lastKnownFileType = sourcecode.swift; path = WindowController.swift; sourceTree = "<group>"; };
		AEAF600D233316B7002B1684 /* ScriptCallback.swift */ = {isa = PBXFileReference; lastKnownFileType = sourcecode.swift; path = ScriptCallback.swift; sourceTree = "<group>"; };
		AEAF600F23331704002B1684 /* ScriptEngine.swift */ = {isa = PBXFileReference; lastKnownFileType = sourcecode.swift; path = ScriptEngine.swift; sourceTree = "<group>"; };
		AED000522347D79200D505E8 /* file.icns */ = {isa = PBXFileReference; lastKnownFileType = image.icns; path = file.icns; sourceTree = "<group>"; };
		AED76E0B233AC16D00E58243 /* DemoCommand.swift */ = {isa = PBXFileReference; lastKnownFileType = sourcecode.swift; path = DemoCommand.swift; sourceTree = "<group>"; };
		AEDE11C223341917006FF1A8 /* ScriptCommand.swift */ = {isa = PBXFileReference; lastKnownFileType = sourcecode.swift; path = ScriptCommand.swift; sourceTree = "<group>"; };
		AEDE11C42334196F006FF1A8 /* ReadFileCommand.swift */ = {isa = PBXFileReference; lastKnownFileType = sourcecode.swift; path = ReadFileCommand.swift; sourceTree = "<group>"; };
		AEDE11C6233419ED006FF1A8 /* ScriptParser.swift */ = {isa = PBXFileReference; lastKnownFileType = sourcecode.swift; path = ScriptParser.swift; sourceTree = "<group>"; };
		AEDE11C8233428F6006FF1A8 /* LogLine.swift */ = {isa = PBXFileReference; lastKnownFileType = sourcecode.swift; path = LogLine.swift; sourceTree = "<group>"; };
		AEDE11CA23346632006FF1A8 /* FilterLineCommand.swift */ = {isa = PBXFileReference; lastKnownFileType = sourcecode.swift; path = FilterLineCommand.swift; sourceTree = "<group>"; };
		AEE53010234D206F00BF3824 /* TruncateCommand.swift */ = {isa = PBXFileReference; lastKnownFileType = sourcecode.swift; path = TruncateCommand.swift; sourceTree = "<group>"; };
		AEE7D2B423428F210086E544 /* ScriptParserTest.swift */ = {isa = PBXFileReference; lastKnownFileType = sourcecode.swift; path = ScriptParserTest.swift; sourceTree = "<group>"; };
		AEE7D2B623428F680086E544 /* ScriptCallbackStub.swift */ = {isa = PBXFileReference; lastKnownFileType = sourcecode.swift; path = ScriptCallbackStub.swift; sourceTree = "<group>"; };
		AEED0F5B23357ADA00DC53D6 /* ColorCommand.swift */ = {isa = PBXFileReference; lastKnownFileType = sourcecode.swift; path = ColorCommand.swift; sourceTree = "<group>"; };
		AEED0F5D23357CAF00DC53D6 /* RunState.swift */ = {isa = PBXFileReference; lastKnownFileType = sourcecode.swift; path = RunState.swift; sourceTree = "<group>"; };
		AEEED561234D425B00D75D6D /* LineDetailViewController.swift */ = {isa = PBXFileReference; lastKnownFileType = sourcecode.swift; path = LineDetailViewController.swift; sourceTree = "<group>"; };
/* End PBXFileReference section */

/* Begin PBXFrameworksBuildPhase section */
		AE437F1623306D4B001CD09D /* Frameworks */ = {
			isa = PBXFrameworksBuildPhase;
			buildActionMask = 2147483647;
			files = (
				077018972C3463C600B1D040 /* SQLite in Frameworks */,
				077018952C3463C200B1D040 /* PathKit in Frameworks */,
			);
			runOnlyForDeploymentPostprocessing = 0;
		};
		AE437F2823306D4D001CD09D /* Frameworks */ = {
			isa = PBXFrameworksBuildPhase;
			buildActionMask = 2147483647;
			files = (
				077018992C3464BB00B1D040 /* SwiftHamcrest in Frameworks */,
			);
			runOnlyForDeploymentPostprocessing = 0;
		};
/* End PBXFrameworksBuildPhase section */

/* Begin PBXGroup section */
		50780732BFFC4DF2037EDAE8 /* Frameworks */ = {
			isa = PBXGroup;
			children = (
				AE29FE1923F3639D00AAF6E6 /* libPathKit.a */,
				AE29FE1A23F3639D00AAF6E6 /* libSQLite.swift.a */,
			);
			name = Frameworks;
			sourceTree = "<group>";
		};
		AE1E4A74233E9A0400E75745 /* Data */ = {
			isa = PBXGroup;
			children = (
				AEDE11C8233428F6006FF1A8 /* LogLine.swift */,
				AE37EB8F2332C8D40027E390 /* LogLinesUpdate.swift */,
				AE3A3A5C23351AA10035A811 /* FontSizeUpdate.swift */,
				AEED0F5D23357CAF00DC53D6 /* RunState.swift */,
				AE37EB912332C9350027E390 /* ScriptProcessingUpdate.swift */,
				AE6D8CA323C78BD300CF67D8 /* FieldDataMap.swift */,
				AE6D8CA523C78FC800CF67D8 /* FieldDataSql.swift */,
				0718E0C82C5BCC2500DB08F3 /* UndoUpdate.swift */,
				0718E0CA2C5BCC9500DB08F3 /* UndoState.swift */,
			);
			path = Data;
			sourceTree = "<group>";
		};
		AE437F1023306D4B001CD09D = {
			isa = PBXGroup;
			children = (
				AE1E4A74233E9A0400E75745 /* Data */,
				AEAF600C2333167D002B1684 /* Script */,
				AE437F1B23306D4B001CD09D /* LogLlama */,
				AE437F2E23306D4D001CD09D /* LogLlamaTests */,
				AE437F1A23306D4B001CD09D /* Products */,
				50780732BFFC4DF2037EDAE8 /* Frameworks */,
			);
			sourceTree = "<group>";
		};
		AE437F1A23306D4B001CD09D /* Products */ = {
			isa = PBXGroup;
			children = (
				AE437F1923306D4B001CD09D /* LogLlama.app */,
				AE437F2B23306D4D001CD09D /* LogLlamaTests.xctest */,
			);
			name = Products;
			sourceTree = "<group>";
		};
		AE437F1B23306D4B001CD09D /* LogLlama */ = {
			isa = PBXGroup;
			children = (
				AED000522347D79200D505E8 /* file.icns */,
				AE437F4023315F32001CD09D /* Notifications.swift */,
				AE437F1C23306D4B001CD09D /* AppDelegate.swift */,
				AE437F2023306D4C001CD09D /* Assets.xcassets */,
				AE437F2223306D4C001CD09D /* Main.storyboard */,
				AE437F2523306D4C001CD09D /* Info.plist */,
				AE437F2623306D4C001CD09D /* LogLlama.entitlements */,
				AE437F3C233150B1001CD09D /* ScriptViewController.swift */,
				AE437F3E23315E25001CD09D /* LogViewController.swift */,
				AE37EB932332C9880027E390 /* ResultsViewController.swift */,
				AEA753B2233A9B77000C70FB /* WindowController.swift */,
				AE62F03B23453AB2002EDC76 /* DocumentState.swift */,
				AEEED561234D425B00D75D6D /* LineDetailViewController.swift */,
			);
			path = LogLlama;
			sourceTree = "<group>";
		};
		AE437F2E23306D4D001CD09D /* LogLlamaTests */ = {
			isa = PBXGroup;
			children = (
				AE437F3123306D4D001CD09D /* Info.plist */,
				AEE7D2B423428F210086E544 /* ScriptParserTest.swift */,
				AEE7D2B623428F680086E544 /* ScriptCallbackStub.swift */,
				34A5F72EF9C0C55B19A20E77 /* ChopCommandTest.swift */,
				34A5FA45EDABF831D4FE7787 /* CommandTestContext.swift */,
				34A5FF385DC60B1CA031D912 /* AddFieldCommandTest.swift */,
			);
			path = LogLlamaTests;
			sourceTree = "<group>";
		};
		AEAF600C2333167D002B1684 /* Script */ = {
			isa = PBXGroup;
			children = (
				AE79EE2B233A779A00799BB7 /* ChopCommand.swift */,
				34A5F0786846702DCD3CB79C /* ClearCommand.swift */,
				AEED0F5B23357ADA00DC53D6 /* ColorCommand.swift */,
				AE41B50123A40E7A004B47BE /* DateFormatCommand.swift */,
				AED76E0B233AC16D00E58243 /* DemoCommand.swift */,
				AE32EBE5233970B800AAF41F /* DetectDuplicatesCommand.swift */,
				AEDE11CA23346632006FF1A8 /* FilterLineCommand.swift */,
				AE4D63B92358AE5E0001CD97 /* LoadFilterCommand.swift */,
				AEDE11C42334196F006FF1A8 /* ReadFileCommand.swift */,
				AE9A333E234D27F6001107C8 /* RequireHilightCommand.swift */,
				AEAF600D233316B7002B1684 /* ScriptCallback.swift */,
				AEDE11C223341917006FF1A8 /* ScriptCommand.swift */,
				AEAF600F23331704002B1684 /* ScriptEngine.swift */,
				AEDE11C6233419ED006FF1A8 /* ScriptParser.swift */,
				AE6D8CA123C7886600CF67D8 /* SqlCommand.swift */,
				AE956B45234F89F30041ADBA /* TodayCommand.swift */,
				AEE53010234D206F00BF3824 /* TruncateCommand.swift */,
				AE368DA4252B7B270000B333 /* LimitCommand.swift */,
				AE368DAF252BC4470000B333 /* AddFieldCommand.swift */,
				AE368DB3252BC5150000B333 /* SortByFieldsCommand.swift */,
				AE368DB7252BC5510000B333 /* DivideByFieldCommand.swift */,
				AE368DBB252BC56B0000B333 /* DivideByRegexCommand.swift */,
				AE368DBF252BC59A0000B333 /* FilterSectionCommand.swift */,
				AE368DC5252D00630000B333 /* ReplaceCommand.swift */,
				070F560D2C3DDA6E000FE3CD /* SleepCommand.swift */,
				07AE3CE82C41CD5F00E2F172 /* DemoScriptText.swift */,
				07AF5A6D2C5AB97A006E413F /* ParseFieldsCommand.swift */,
				0718E0C62C5AE8F300DB08F3 /* ScriptUtil.swift */,
			);
			path = Script;
			sourceTree = "<group>";
		};
/* End PBXGroup section */

/* Begin PBXNativeTarget section */
		AE437F1823306D4B001CD09D /* LogLlama */ = {
			isa = PBXNativeTarget;
			buildConfigurationList = AE437F3423306D4D001CD09D /* Build configuration list for PBXNativeTarget "LogLlama" */;
			buildPhases = (
				AE437F1523306D4B001CD09D /* Sources */,
				AE437F1623306D4B001CD09D /* Frameworks */,
				AE437F1723306D4B001CD09D /* Resources */,
			);
			buildRules = (
			);
			dependencies = (
			);
			name = LogLlama;
			packageProductDependencies = (
				077018942C3463C200B1D040 /* PathKit */,
				077018962C3463C600B1D040 /* SQLite */,
			);
			productName = LogLlama;
			productReference = AE437F1923306D4B001CD09D /* LogLlama.app */;
			productType = "com.apple.product-type.application";
		};
		AE437F2A23306D4D001CD09D /* LogLlamaTests */ = {
			isa = PBXNativeTarget;
			buildConfigurationList = AE437F3723306D4D001CD09D /* Build configuration list for PBXNativeTarget "LogLlamaTests" */;
			buildPhases = (
				AE437F2723306D4D001CD09D /* Sources */,
				AE437F2823306D4D001CD09D /* Frameworks */,
				AE437F2923306D4D001CD09D /* Resources */,
			);
			buildRules = (
			);
			dependencies = (
				AE437F2D23306D4D001CD09D /* PBXTargetDependency */,
			);
			name = LogLlamaTests;
			packageProductDependencies = (
				077018982C3464BB00B1D040 /* SwiftHamcrest */,
			);
			productName = LogLlamaTests;
			productReference = AE437F2B23306D4D001CD09D /* LogLlamaTests.xctest */;
			productType = "com.apple.product-type.bundle.unit-test";
		};
/* End PBXNativeTarget section */

/* Begin PBXProject section */
		AE437F1123306D4B001CD09D /* Project object */ = {
			isa = PBXProject;
			attributes = {
				BuildIndependentTargetsInParallel = YES;
				LastSwiftUpdateCheck = 1030;
				LastUpgradeCheck = 1540;
				ORGANIZATIONNAME = "Lost Bear Labs";
				TargetAttributes = {
					AE437F1823306D4B001CD09D = {
						CreatedOnToolsVersion = 10.3;
					};
					AE437F2A23306D4D001CD09D = {
						CreatedOnToolsVersion = 10.3;
						TestTargetID = AE437F1823306D4B001CD09D;
					};
				};
			};
			buildConfigurationList = AE437F1423306D4B001CD09D /* Build configuration list for PBXProject "LogLlama" */;
			compatibilityVersion = "Xcode 9.3";
			developmentRegion = en;
			hasScannedForEncodings = 0;
			knownRegions = (
				en,
				Base,
			);
			mainGroup = AE437F1023306D4B001CD09D;
			packageReferences = (
				072CD0442C345FFE0055DB4F /* XCRemoteSwiftPackageReference "SwiftHamcrest" */,
				072CD0472C3460320055DB4F /* XCRemoteSwiftPackageReference "PathKit" */,
				072CD04A2C3460580055DB4F /* XCRemoteSwiftPackageReference "SQLite.swift" */,
			);
			productRefGroup = AE437F1A23306D4B001CD09D /* Products */;
			projectDirPath = "";
			projectRoot = "";
			targets = (
				AE437F1823306D4B001CD09D /* LogLlama */,
				AE437F2A23306D4D001CD09D /* LogLlamaTests */,
			);
		};
/* End PBXProject section */

/* Begin PBXResourcesBuildPhase section */
		AE437F1723306D4B001CD09D /* Resources */ = {
			isa = PBXResourcesBuildPhase;
			buildActionMask = 2147483647;
			files = (
				AED000532347D79200D505E8 /* file.icns in Resources */,
				AE437F2123306D4C001CD09D /* Assets.xcassets in Resources */,
				AE437F2423306D4C001CD09D /* Main.storyboard in Resources */,
			);
			runOnlyForDeploymentPostprocessing = 0;
		};
		AE437F2923306D4D001CD09D /* Resources */ = {
			isa = PBXResourcesBuildPhase;
			buildActionMask = 2147483647;
			files = (
			);
			runOnlyForDeploymentPostprocessing = 0;
		};
/* End PBXResourcesBuildPhase section */

/* Begin PBXSourcesBuildPhase section */
		AE437F1523306D4B001CD09D /* Sources */ = {
			isa = PBXSourcesBuildPhase;
			buildActionMask = 2147483647;
			files = (
				AE368DBC252BC56B0000B333 /* DivideByRegexCommand.swift in Sources */,
				AE437F4123315F32001CD09D /* Notifications.swift in Sources */,
				AEA753B3233A9B77000C70FB /* WindowController.swift in Sources */,
				AE79EE2C233A779A00799BB7 /* ChopCommand.swift in Sources */,
				AEAF600E233316B7002B1684 /* ScriptCallback.swift in Sources */,
				AE32EBE6233970B800AAF41F /* DetectDuplicatesCommand.swift in Sources */,
				07AE3CE92C41CD5F00E2F172 /* DemoScriptText.swift in Sources */,
				0718E0CB2C5BCC9500DB08F3 /* UndoState.swift in Sources */,
				AEE53011234D206F00BF3824 /* TruncateCommand.swift in Sources */,
				AE368DA5252B7B270000B333 /* LimitCommand.swift in Sources */,
				AE368DB4252BC5150000B333 /* SortByFieldsCommand.swift in Sources */,
				AE37EB902332C8D40027E390 /* LogLinesUpdate.swift in Sources */,
				AE4D63BA2358AE5E0001CD97 /* LoadFilterCommand.swift in Sources */,
				0718E0C92C5BCC2500DB08F3 /* UndoUpdate.swift in Sources */,
				AED76E0C233AC16D00E58243 /* DemoCommand.swift in Sources */,
				AEDE11CB23346632006FF1A8 /* FilterLineCommand.swift in Sources */,
				070F560E2C3DDA6E000FE3CD /* SleepCommand.swift in Sources */,
				AE368DC0252BC59A0000B333 /* FilterSectionCommand.swift in Sources */,
				AE437F1D23306D4B001CD09D /* AppDelegate.swift in Sources */,
				AE368DC6252D00630000B333 /* ReplaceCommand.swift in Sources */,
				07AF5A6E2C5AB97A006E413F /* ParseFieldsCommand.swift in Sources */,
				AE37EB942332C9880027E390 /* ResultsViewController.swift in Sources */,
				AE41B50223A40E7B004B47BE /* DateFormatCommand.swift in Sources */,
				AE437F3F23315E25001CD09D /* LogViewController.swift in Sources */,
				AEDE11C323341917006FF1A8 /* ScriptCommand.swift in Sources */,
				AEAF601023331704002B1684 /* ScriptEngine.swift in Sources */,
				AE956B46234F89F30041ADBA /* TodayCommand.swift in Sources */,
				AEDE11C9233428F6006FF1A8 /* LogLine.swift in Sources */,
				AE368DB8252BC5510000B333 /* DivideByFieldCommand.swift in Sources */,
				AE6D8CA223C7886600CF67D8 /* SqlCommand.swift in Sources */,
				AE6D8CA423C78BD300CF67D8 /* FieldDataMap.swift in Sources */,
				AEDE11C52334196F006FF1A8 /* ReadFileCommand.swift in Sources */,
				AEED0F5C23357ADA00DC53D6 /* ColorCommand.swift in Sources */,
				AEED0F5E23357CAF00DC53D6 /* RunState.swift in Sources */,
				AE37EB922332C9350027E390 /* ScriptProcessingUpdate.swift in Sources */,
				AE437F3D233150B1001CD09D /* ScriptViewController.swift in Sources */,
				AE368DB0252BC4470000B333 /* AddFieldCommand.swift in Sources */,
				AEDE11C7233419ED006FF1A8 /* ScriptParser.swift in Sources */,
				AE3A3A5D23351AA10035A811 /* FontSizeUpdate.swift in Sources */,
				AE6D8CA623C78FC800CF67D8 /* FieldDataSql.swift in Sources */,
				AE62F03C23453AB2002EDC76 /* DocumentState.swift in Sources */,
				AE9A333F234D27F6001107C8 /* RequireHilightCommand.swift in Sources */,
				34A5FFF3AAE569B21AA65444 /* ClearCommand.swift in Sources */,
				0718E0C72C5AE8F300DB08F3 /* ScriptUtil.swift in Sources */,
				AEEED562234D425B00D75D6D /* LineDetailViewController.swift in Sources */,
			);
			runOnlyForDeploymentPostprocessing = 0;
		};
		AE437F2723306D4D001CD09D /* Sources */ = {
			isa = PBXSourcesBuildPhase;
			buildActionMask = 2147483647;
			files = (
				AEE7D2B723428F680086E544 /* ScriptCallbackStub.swift in Sources */,
				AEE7D2B523428F210086E544 /* ScriptParserTest.swift in Sources */,
				34A5FBCA0D4F56C680E00F25 /* ChopCommandTest.swift in Sources */,
				34A5FC7E9F66A71A34E86EEC /* CommandTestContext.swift in Sources */,
				34A5F77824703DD1A8A7C457 /* AddFieldCommandTest.swift in Sources */,
			);
			runOnlyForDeploymentPostprocessing = 0;
		};
/* End PBXSourcesBuildPhase section */

/* Begin PBXTargetDependency section */
		AE437F2D23306D4D001CD09D /* PBXTargetDependency */ = {
			isa = PBXTargetDependency;
			target = AE437F1823306D4B001CD09D /* LogLlama */;
			targetProxy = AE437F2C23306D4D001CD09D /* PBXContainerItemProxy */;
		};
/* End PBXTargetDependency section */

/* Begin PBXVariantGroup section */
		AE437F2223306D4C001CD09D /* Main.storyboard */ = {
			isa = PBXVariantGroup;
			children = (
				AE437F2323306D4C001CD09D /* Base */,
			);
			name = Main.storyboard;
			sourceTree = "<group>";
		};
/* End PBXVariantGroup section */

/* Begin XCBuildConfiguration section */
		0770188E2C34620300B1D040 /* Debug */ = {
			isa = XCBuildConfiguration;
			buildSettings = {
				ASSETCATALOG_COMPILER_INCLUDE_ALL_APPICON_ASSETS = YES;
				CODE_SIGN_ENTITLEMENTS = LogLlama/LogLlama.entitlements;
				CODE_SIGN_IDENTITY = "Apple Development";
				CODE_SIGN_STYLE = Automatic;
				COPY_PHASE_STRIP = NO;
				CURRENT_PROJECT_VERSION = 8;
				DEVELOPMENT_TEAM = 6E3JQU6925;
				GCC_DYNAMIC_NO_PIC = NO;
				GCC_OPTIMIZATION_LEVEL = 0;
				GENERATE_INFOPLIST_FILE = YES;
				INFOPLIST_FILE = LogLlama/Info.plist;
				INFOPLIST_KEY_CFBundleDisplayName = LogLlama;
				INFOPLIST_KEY_LSApplicationCategoryType = "public.app-category.developer-tools";
				INFOPLIST_KEY_NSHumanReadableCopyright = "Copyright (c) 2019-2024 Eric R. Johnson";
				INFOPLIST_KEY_NSMainStoryboardFile = Main;
				INFOPLIST_KEY_NSPrincipalClass = "";
				INFOPLIST_KEY_UILaunchStoryboardName = Main.storyboard;
				MARKETING_VERSION = 1.4.4;
				PRODUCT_BUNDLE_IDENTIFIER = com.lostbearlabs.logllama;
				PRODUCT_NAME = LogLlama;
				PROVISIONING_PROFILE_SPECIFIER = "";
				SWIFT_VERSION = 5.0;
			};
			name = Debug;
		};
		0770188F2C34620300B1D040 /* Release */ = {
			isa = XCBuildConfiguration;
			buildSettings = {
				ASSETCATALOG_COMPILER_INCLUDE_ALL_APPICON_ASSETS = YES;
				CODE_SIGN_ENTITLEMENTS = LogLlama/LogLlama.entitlements;
				CODE_SIGN_IDENTITY = "Apple Development";
				CODE_SIGN_STYLE = Automatic;
				COPY_PHASE_STRIP = YES;
				CURRENT_PROJECT_VERSION = 8;
				DEBUG_INFORMATION_FORMAT = "dwarf-with-dsym";
				DEVELOPMENT_TEAM = 6E3JQU6925;
				GENERATE_INFOPLIST_FILE = YES;
				INFOPLIST_FILE = LogLlama/Info.plist;
				INFOPLIST_KEY_CFBundleDisplayName = LogLlama;
				INFOPLIST_KEY_LSApplicationCategoryType = "public.app-category.developer-tools";
				INFOPLIST_KEY_NSHumanReadableCopyright = "Copyright (c) 2019-2024 Eric R. Johnson";
				INFOPLIST_KEY_NSMainStoryboardFile = Main;
				INFOPLIST_KEY_NSPrincipalClass = "";
				INFOPLIST_KEY_UILaunchStoryboardName = Main.storyboard;
				MARKETING_VERSION = 1.4.4;
				PRODUCT_BUNDLE_IDENTIFIER = com.lostbearlabs.logllama;
				PRODUCT_NAME = LogLlama;
				PROVISIONING_PROFILE_SPECIFIER = "";
				SWIFT_VERSION = 5.0;
			};
			name = Release;
		};
		077018902C34620300B1D040 /* Debug */ = {
			isa = XCBuildConfiguration;
			buildSettings = {
				BUNDLE_LOADER = "$(TEST_HOST)";
				CODE_SIGN_IDENTITY = "Apple Development";
				CODE_SIGN_STYLE = Automatic;
				COPY_PHASE_STRIP = NO;
				DEVELOPMENT_TEAM = 6E3JQU6925;
				GCC_DYNAMIC_NO_PIC = NO;
				GCC_OPTIMIZATION_LEVEL = 0;
				GENERATE_INFOPLIST_FILE = YES;
				INFOPLIST_KEY_LSApplicationCategoryType = "public.app-category.developer-tools";
				INFOPLIST_KEY_NSMainStoryboardFile = Main;
				INFOPLIST_KEY_NSPrincipalClass = "";
				PRODUCT_BUNDLE_IDENTIFIER = com.lostbearlabs.logllama;
				PRODUCT_NAME = LogLlamaTests;
				PROVISIONING_PROFILE_SPECIFIER = "";
				SWIFT_VERSION = 5.0;
				TEST_HOST = "$(BUILT_PRODUCTS_DIR)/LogLlama.app/$(BUNDLE_EXECUTABLE_FOLDER_PATH)/LogLlama";
			};
			name = Debug;
		};
		077018912C34620300B1D040 /* Release */ = {
			isa = XCBuildConfiguration;
			buildSettings = {
				BUNDLE_LOADER = "$(TEST_HOST)";
				CODE_SIGN_IDENTITY = "Apple Development";
				CODE_SIGN_STYLE = Automatic;
				COPY_PHASE_STRIP = YES;
				DEBUG_INFORMATION_FORMAT = "dwarf-with-dsym";
				DEVELOPMENT_TEAM = 6E3JQU6925;
				GENERATE_INFOPLIST_FILE = YES;
				INFOPLIST_KEY_LSApplicationCategoryType = "public.app-category.developer-tools";
				INFOPLIST_KEY_NSMainStoryboardFile = Main;
				INFOPLIST_KEY_NSPrincipalClass = "";
				PRODUCT_BUNDLE_IDENTIFIER = com.lostbearlabs.logllama;
				PRODUCT_NAME = LogLlamaTests;
				PROVISIONING_PROFILE_SPECIFIER = "";
				SWIFT_VERSION = 5.0;
				TEST_HOST = "$(BUILT_PRODUCTS_DIR)/LogLlama.app/$(BUNDLE_EXECUTABLE_FOLDER_PATH)/LogLlama";
			};
			name = Release;
		};
		AE437F3223306D4D001CD09D /* Debug */ = {
			isa = XCBuildConfiguration;
			buildSettings = {
				ALWAYS_SEARCH_USER_PATHS = NO;
				ASSETCATALOG_COMPILER_APPICON_NAME = AppIcon;
				CLANG_ANALYZER_NONNULL = YES;
				CLANG_ANALYZER_NUMBER_OBJECT_CONVERSION = YES_AGGRESSIVE;
				CLANG_CXX_LANGUAGE_STANDARD = "gnu++14";
				CLANG_CXX_LIBRARY = "libc++";
				CLANG_ENABLE_MODULES = YES;
				CLANG_ENABLE_OBJC_ARC = YES;
				CLANG_ENABLE_OBJC_WEAK = YES;
				CLANG_WARN_BLOCK_CAPTURE_AUTORELEASING = YES;
				CLANG_WARN_BOOL_CONVERSION = YES;
				CLANG_WARN_COMMA = YES;
				CLANG_WARN_CONSTANT_CONVERSION = YES;
				CLANG_WARN_DEPRECATED_OBJC_IMPLEMENTATIONS = YES;
				CLANG_WARN_DIRECT_OBJC_ISA_USAGE = YES_ERROR;
				CLANG_WARN_DOCUMENTATION_COMMENTS = YES;
				CLANG_WARN_EMPTY_BODY = YES;
				CLANG_WARN_ENUM_CONVERSION = YES;
				CLANG_WARN_INFINITE_RECURSION = YES;
				CLANG_WARN_INT_CONVERSION = YES;
				CLANG_WARN_NON_LITERAL_NULL_CONVERSION = YES;
				CLANG_WARN_OBJC_IMPLICIT_RETAIN_SELF = YES;
				CLANG_WARN_OBJC_LITERAL_CONVERSION = YES;
				CLANG_WARN_OBJC_ROOT_CLASS = YES_ERROR;
				CLANG_WARN_QUOTED_INCLUDE_IN_FRAMEWORK_HEADER = YES;
				CLANG_WARN_RANGE_LOOP_ANALYSIS = YES;
				CLANG_WARN_STRICT_PROTOTYPES = YES;
				CLANG_WARN_SUSPICIOUS_MOVE = YES;
				CLANG_WARN_UNGUARDED_AVAILABILITY = YES_AGGRESSIVE;
				CLANG_WARN_UNREACHABLE_CODE = YES;
				CLANG_WARN__DUPLICATE_METHOD_MATCH = YES;
				CODE_SIGN_IDENTITY = "-";
				COPY_PHASE_STRIP = NO;
				DEAD_CODE_STRIPPING = YES;
				DEBUG_INFORMATION_FORMAT = dwarf;
				DEVELOPMENT_TEAM = 6E3JQU6925;
				ENABLE_HARDENED_RUNTIME = YES;
				ENABLE_STRICT_OBJC_MSGSEND = YES;
				ENABLE_TESTABILITY = YES;
				ENABLE_USER_SCRIPT_SANDBOXING = YES;
				GCC_C_LANGUAGE_STANDARD = gnu11;
				GCC_DYNAMIC_NO_PIC = NO;
				GCC_NO_COMMON_BLOCKS = YES;
				GCC_OPTIMIZATION_LEVEL = 0;
				GCC_PREPROCESSOR_DEFINITIONS = (
					"DEBUG=1",
					"$(inherited)",
				);
				GCC_WARN_64_TO_32_BIT_CONVERSION = YES;
				GCC_WARN_ABOUT_RETURN_TYPE = YES_ERROR;
				GCC_WARN_UNDECLARED_SELECTOR = YES;
				GCC_WARN_UNINITIALIZED_AUTOS = YES_AGGRESSIVE;
				GCC_WARN_UNUSED_FUNCTION = YES;
				GCC_WARN_UNUSED_VARIABLE = YES;
				INFOPLIST_KEY_LSApplicationCategoryType = "public.app-category.developer-tools";
				INFOPLIST_KEY_NSMainStoryboardFile = Main;
				INFOPLIST_KEY_NSPrincipalClass = "";
				MACOSX_DEPLOYMENT_TARGET = 10.14;
				MTL_ENABLE_DEBUG_INFO = INCLUDE_SOURCE;
				MTL_FAST_MATH = YES;
				ONLY_ACTIVE_ARCH = YES;
				SDKROOT = macosx;
				SWIFT_ACTIVE_COMPILATION_CONDITIONS = DEBUG;
				SWIFT_OPTIMIZATION_LEVEL = "-Onone";
			};
			name = Debug;
		};
		AE437F3323306D4D001CD09D /* Release */ = {
			isa = XCBuildConfiguration;
			buildSettings = {
				ALWAYS_SEARCH_USER_PATHS = NO;
				ASSETCATALOG_COMPILER_APPICON_NAME = AppIcon;
				CLANG_ANALYZER_NONNULL = YES;
				CLANG_ANALYZER_NUMBER_OBJECT_CONVERSION = YES_AGGRESSIVE;
				CLANG_CXX_LANGUAGE_STANDARD = "gnu++14";
				CLANG_CXX_LIBRARY = "libc++";
				CLANG_ENABLE_MODULES = YES;
				CLANG_ENABLE_OBJC_ARC = YES;
				CLANG_ENABLE_OBJC_WEAK = YES;
				CLANG_WARN_BLOCK_CAPTURE_AUTORELEASING = YES;
				CLANG_WARN_BOOL_CONVERSION = YES;
				CLANG_WARN_COMMA = YES;
				CLANG_WARN_CONSTANT_CONVERSION = YES;
				CLANG_WARN_DEPRECATED_OBJC_IMPLEMENTATIONS = YES;
				CLANG_WARN_DIRECT_OBJC_ISA_USAGE = YES_ERROR;
				CLANG_WARN_DOCUMENTATION_COMMENTS = YES;
				CLANG_WARN_EMPTY_BODY = YES;
				CLANG_WARN_ENUM_CONVERSION = YES;
				CLANG_WARN_INFINITE_RECURSION = YES;
				CLANG_WARN_INT_CONVERSION = YES;
				CLANG_WARN_NON_LITERAL_NULL_CONVERSION = YES;
				CLANG_WARN_OBJC_IMPLICIT_RETAIN_SELF = YES;
				CLANG_WARN_OBJC_LITERAL_CONVERSION = YES;
				CLANG_WARN_OBJC_ROOT_CLASS = YES_ERROR;
				CLANG_WARN_QUOTED_INCLUDE_IN_FRAMEWORK_HEADER = YES;
				CLANG_WARN_RANGE_LOOP_ANALYSIS = YES;
				CLANG_WARN_STRICT_PROTOTYPES = YES;
				CLANG_WARN_SUSPICIOUS_MOVE = YES;
				CLANG_WARN_UNGUARDED_AVAILABILITY = YES_AGGRESSIVE;
				CLANG_WARN_UNREACHABLE_CODE = YES;
				CLANG_WARN__DUPLICATE_METHOD_MATCH = YES;
				CODE_SIGN_IDENTITY = "-";
				COPY_PHASE_STRIP = NO;
				DEAD_CODE_STRIPPING = YES;
				DEBUG_INFORMATION_FORMAT = "dwarf-with-dsym";
				DEVELOPMENT_TEAM = 6E3JQU6925;
				ENABLE_HARDENED_RUNTIME = YES;
				ENABLE_NS_ASSERTIONS = NO;
				ENABLE_STRICT_OBJC_MSGSEND = YES;
				ENABLE_USER_SCRIPT_SANDBOXING = YES;
				GCC_C_LANGUAGE_STANDARD = gnu11;
				GCC_NO_COMMON_BLOCKS = YES;
				GCC_WARN_64_TO_32_BIT_CONVERSION = YES;
				GCC_WARN_ABOUT_RETURN_TYPE = YES_ERROR;
				GCC_WARN_UNDECLARED_SELECTOR = YES;
				GCC_WARN_UNINITIALIZED_AUTOS = YES_AGGRESSIVE;
				GCC_WARN_UNUSED_FUNCTION = YES;
				GCC_WARN_UNUSED_VARIABLE = YES;
				INFOPLIST_KEY_LSApplicationCategoryType = "public.app-category.developer-tools";
				INFOPLIST_KEY_NSMainStoryboardFile = Main;
				INFOPLIST_KEY_NSPrincipalClass = "";
				MACOSX_DEPLOYMENT_TARGET = 10.14;
				MTL_ENABLE_DEBUG_INFO = NO;
				MTL_FAST_MATH = YES;
				SDKROOT = macosx;
				SWIFT_COMPILATION_MODE = wholemodule;
				SWIFT_OPTIMIZATION_LEVEL = "-O";
			};
			name = Release;
		};
/* End XCBuildConfiguration section */

/* Begin XCConfigurationList section */
		AE437F1423306D4B001CD09D /* Build configuration list for PBXProject "LogLlama" */ = {
			isa = XCConfigurationList;
			buildConfigurations = (
				AE437F3223306D4D001CD09D /* Debug */,
				AE437F3323306D4D001CD09D /* Release */,
			);
			defaultConfigurationIsVisible = 0;
			defaultConfigurationName = Release;
		};
		AE437F3423306D4D001CD09D /* Build configuration list for PBXNativeTarget "LogLlama" */ = {
			isa = XCConfigurationList;
			buildConfigurations = (
				0770188E2C34620300B1D040 /* Debug */,
				0770188F2C34620300B1D040 /* Release */,
			);
			defaultConfigurationIsVisible = 0;
			defaultConfigurationName = Release;
		};
		AE437F3723306D4D001CD09D /* Build configuration list for PBXNativeTarget "LogLlamaTests" */ = {
			isa = XCConfigurationList;
			buildConfigurations = (
				077018902C34620300B1D040 /* Debug */,
				077018912C34620300B1D040 /* Release */,
			);
			defaultConfigurationIsVisible = 0;
			defaultConfigurationName = Release;
		};
/* End XCConfigurationList section */

/* Begin XCRemoteSwiftPackageReference section */
		072CD0442C345FFE0055DB4F /* XCRemoteSwiftPackageReference "SwiftHamcrest" */ = {
			isa = XCRemoteSwiftPackageReference;
			repositoryURL = "https://github.com/nschum/SwiftHamcrest.git";
			requirement = {
				kind = upToNextMajorVersion;
				minimumVersion = 2.2.4;
			};
		};
		072CD0472C3460320055DB4F /* XCRemoteSwiftPackageReference "PathKit" */ = {
			isa = XCRemoteSwiftPackageReference;
			repositoryURL = "https://github.com/kylef/PathKit";
			requirement = {
				kind = upToNextMajorVersion;
				minimumVersion = 1.0.1;
			};
		};
		072CD04A2C3460580055DB4F /* XCRemoteSwiftPackageReference "SQLite.swift" */ = {
			isa = XCRemoteSwiftPackageReference;
			repositoryURL = "https://github.com/stephencelis/SQLite.swift.git";
			requirement = {
				kind = upToNextMajorVersion;
				minimumVersion = 0.15.3;
			};
		};
/* End XCRemoteSwiftPackageReference section */

/* Begin XCSwiftPackageProductDependency section */
		077018942C3463C200B1D040 /* PathKit */ = {
			isa = XCSwiftPackageProductDependency;
			package = 072CD0472C3460320055DB4F /* XCRemoteSwiftPackageReference "PathKit" */;
			productName = PathKit;
		};
		077018962C3463C600B1D040 /* SQLite */ = {
			isa = XCSwiftPackageProductDependency;
			package = 072CD04A2C3460580055DB4F /* XCRemoteSwiftPackageReference "SQLite.swift" */;
			productName = SQLite;
		};
		077018982C3464BB00B1D040 /* SwiftHamcrest */ = {
			isa = XCSwiftPackageProductDependency;
			package = 072CD0442C345FFE0055DB4F /* XCRemoteSwiftPackageReference "SwiftHamcrest" */;
			productName = SwiftHamcrest;
		};
/* End XCSwiftPackageProductDependency section */
	};
	rootObject = AE437F1123306D4B001CD09D /* Project object */;
}
